
Microsoft Visual Studio Solution File, Format Version 12.00
Project("{FAE04EC0-301F-11D3-BF4B-00C04F79EFBC}") = "Sol.HttpApi", "Sol.HttpApi\Sol.HttpApi.csproj", "{175A26D2-583B-43B4-A3F7-F1B221F66DA3}"
EndProject
Project("{FAE04EC0-301F-11D3-BF4B-00C04F79EFBC}") = "Sol.Auth.Abstract", "Sol.Auth.Abstract\Sol.Auth.Abstract.csproj", "{285EC5F8-AAF1-4E2E-9494-78C6AA0F533F}"
EndProject
Project("{FAE04EC0-301F-11D3-BF4B-00C04F79EFBC}") = "Sol.Auth.Impl", "Sol.Auth.Impl\Sol.Auth.Impl.csproj", "{E1284E6B-93FE-454E-9185-189EF3DECBDB}"
EndProject
Project("{FAE04EC0-301F-11D3-BF4B-00C04F79EFBC}") = "Sol.Users.Abstract", "Sol.Users.Abstract\Sol.Users.Abstract.csproj", "{701C68E9-8FFD-465E-8C4D-0C09B8863317}"
EndProject
Project("{FAE04EC0-301F-11D3-BF4B-00C04F79EFBC}") = "Sol.Users.Impl", "Sol.Users.Impl\Sol.Users.Impl.csproj", "{2BBAD8AC-9DD9-4B18-AD22-970EE825447C}"
EndProject
Project("{FAE04EC0-301F-11D3-BF4B-00C04F79EFBC}") = "Sol.DataLayer.Mongo", "Sol.DataLayer.Mongo\Sol.DataLayer.Mongo.csproj", "{7D8062AD-C55F-4878-806B-E556E1246A2A}"
EndProject
Project("{FAE04EC0-301F-11D3-BF4B-00C04F79EFBC}") = "Sol.Token.Abstract", "Sol.Token.Abstract\Sol.Token.Abstract.csproj", "{1CB631A5-6646-40BF-8A3F-DF4DE6057238}"
EndProject
Project("{FAE04EC0-301F-11D3-BF4B-00C04F79EFBC}") = "Sol.Token.Impl", "Sol.Token.Impl\Sol.Token.Impl.csproj", "{E541DBAC-20E0-4404-AAF1-DFB43242670E}"
EndProject
Project("{FAE04EC0-301F-11D3-BF4B-00C04F79EFBC}") = "Sol.IdGen.Abstract", "Sol.IdGen.Abstract\Sol.IdGen.Abstract.csproj", "{66EE9A6E-2325-4079-AD3D-97C24BB2E37F}"
EndProject
Project("{FAE04EC0-301F-11D3-BF4B-00C04F79EFBC}") = "Sol.IdGenerator.Guid", "Sol.IdGenerator.Guid\Sol.IdGenerator.Guid.csproj", "{78C0FED1-1A86-4776-914D-7DB2D9250E2D}"
EndProject
Project("{FAE04EC0-301F-11D3-BF4B-00C04F79EFBC}") = "Sol.Accounts.Abstract", "Sol.Accounts.Abstract\Sol.Accounts.Abstract.csproj", "{484A7AAF-063A-467E-AAA5-B318DD4CE903}"
EndProject
Project("{FAE04EC0-301F-11D3-BF4B-00C04F79EFBC}") = "Sol.Accounts.Impl", "Sol.Accounts.Impl\Sol.Accounts.Impl.csproj", "{7F0549B7-23DF-4A01-9D49-4C0071D78594}"
EndProject
Global
	GlobalSection(SolutionConfigurationPlatforms) = preSolution
		Debug|Any CPU = Debug|Any CPU
		Release|Any CPU = Release|Any CPU
	EndGlobalSection
	GlobalSection(ProjectConfigurationPlatforms) = postSolution
		{175A26D2-583B-43B4-A3F7-F1B221F66DA3}.Debug|Any CPU.ActiveCfg = Debug|Any CPU
		{175A26D2-583B-43B4-A3F7-F1B221F66DA3}.Debug|Any CPU.Build.0 = Debug|Any CPU
		{175A26D2-583B-43B4-A3F7-F1B221F66DA3}.Release|Any CPU.ActiveCfg = Release|Any CPU
		{175A26D2-583B-43B4-A3F7-F1B221F66DA3}.Release|Any CPU.Build.0 = Release|Any CPU
		{285EC5F8-AAF1-4E2E-9494-78C6AA0F533F}.Debug|Any CPU.ActiveCfg = Debug|Any CPU
		{285EC5F8-AAF1-4E2E-9494-78C6AA0F533F}.Debug|Any CPU.Build.0 = Debug|Any CPU
		{285EC5F8-AAF1-4E2E-9494-78C6AA0F533F}.Release|Any CPU.ActiveCfg = Release|Any CPU
		{285EC5F8-AAF1-4E2E-9494-78C6AA0F533F}.Release|Any CPU.Build.0 = Release|Any CPU
		{E1284E6B-93FE-454E-9185-189EF3DECBDB}.Debug|Any CPU.ActiveCfg = Debug|Any CPU
		{E1284E6B-93FE-454E-9185-189EF3DECBDB}.Debug|Any CPU.Build.0 = Debug|Any CPU
		{E1284E6B-93FE-454E-9185-189EF3DECBDB}.Release|Any CPU.ActiveCfg = Release|Any CPU
		{E1284E6B-93FE-454E-9185-189EF3DECBDB}.Release|Any CPU.Build.0 = Release|Any CPU
		{701C68E9-8FFD-465E-8C4D-0C09B8863317}.Debug|Any CPU.ActiveCfg = Debug|Any CPU
		{701C68E9-8FFD-465E-8C4D-0C09B8863317}.Debug|Any CPU.Build.0 = Debug|Any CPU
		{701C68E9-8FFD-465E-8C4D-0C09B8863317}.Release|Any CPU.ActiveCfg = Release|Any CPU
		{701C68E9-8FFD-465E-8C4D-0C09B8863317}.Release|Any CPU.Build.0 = Release|Any CPU
		{2BBAD8AC-9DD9-4B18-AD22-970EE825447C}.Debug|Any CPU.ActiveCfg = Debug|Any CPU
		{2BBAD8AC-9DD9-4B18-AD22-970EE825447C}.Debug|Any CPU.Build.0 = Debug|Any CPU
		{2BBAD8AC-9DD9-4B18-AD22-970EE825447C}.Release|Any CPU.ActiveCfg = Release|Any CPU
		{2BBAD8AC-9DD9-4B18-AD22-970EE825447C}.Release|Any CPU.Build.0 = Release|Any CPU
		{7D8062AD-C55F-4878-806B-E556E1246A2A}.Debug|Any CPU.ActiveCfg = Debug|Any CPU
		{7D8062AD-C55F-4878-806B-E556E1246A2A}.Debug|Any CPU.Build.0 = Debug|Any CPU
		{7D8062AD-C55F-4878-806B-E556E1246A2A}.Release|Any CPU.ActiveCfg = Release|Any CPU
		{7D8062AD-C55F-4878-806B-E556E1246A2A}.Release|Any CPU.Build.0 = Release|Any CPU
		{1CB631A5-6646-40BF-8A3F-DF4DE6057238}.Debug|Any CPU.ActiveCfg = Debug|Any CPU
		{1CB631A5-6646-40BF-8A3F-DF4DE6057238}.Debug|Any CPU.Build.0 = Debug|Any CPU
		{1CB631A5-6646-40BF-8A3F-DF4DE6057238}.Release|Any CPU.ActiveCfg = Release|Any CPU
		{1CB631A5-6646-40BF-8A3F-DF4DE6057238}.Release|Any CPU.Build.0 = Release|Any CPU
		{E541DBAC-20E0-4404-AAF1-DFB43242670E}.Debug|Any CPU.ActiveCfg = Debug|Any CPU
		{E541DBAC-20E0-4404-AAF1-DFB43242670E}.Debug|Any CPU.Build.0 = Debug|Any CPU
		{E541DBAC-20E0-4404-AAF1-DFB43242670E}.Release|Any CPU.ActiveCfg = Release|Any CPU
		{E541DBAC-20E0-4404-AAF1-DFB43242670E}.Release|Any CPU.Build.0 = Release|Any CPU
		{66EE9A6E-2325-4079-AD3D-97C24BB2E37F}.Debug|Any CPU.ActiveCfg = Debug|Any CPU
		{66EE9A6E-2325-4079-AD3D-97C24BB2E37F}.Debug|Any CPU.Build.0 = Debug|Any CPU
		{66EE9A6E-2325-4079-AD3D-97C24BB2E37F}.Release|Any CPU.ActiveCfg = Release|Any CPU
		{66EE9A6E-2325-4079-AD3D-97C24BB2E37F}.Release|Any CPU.Build.0 = Release|Any CPU
		{78C0FED1-1A86-4776-914D-7DB2D9250E2D}.Debug|Any CPU.ActiveCfg = Debug|Any CPU
		{78C0FED1-1A86-4776-914D-7DB2D9250E2D}.Debug|Any CPU.Build.0 = Debug|Any CPU
		{78C0FED1-1A86-4776-914D-7DB2D9250E2D}.Release|Any CPU.ActiveCfg = Release|Any CPU
		{78C0FED1-1A86-4776-914D-7DB2D9250E2D}.Release|Any CPU.Build.0 = Release|Any CPU
		{484A7AAF-063A-467E-AAA5-B318DD4CE903}.Debug|Any CPU.ActiveCfg = Debug|Any CPU
		{484A7AAF-063A-467E-AAA5-B318DD4CE903}.Debug|Any CPU.Build.0 = Debug|Any CPU
		{484A7AAF-063A-467E-AAA5-B318DD4CE903}.Release|Any CPU.ActiveCfg = Release|Any CPU
		{484A7AAF-063A-467E-AAA5-B318DD4CE903}.Release|Any CPU.Build.0 = Release|Any CPU
		{7F0549B7-23DF-4A01-9D49-4C0071D78594}.Debug|Any CPU.ActiveCfg = Debug|Any CPU
		{7F0549B7-23DF-4A01-9D49-4C0071D78594}.Debug|Any CPU.Build.0 = Debug|Any CPU
		{7F0549B7-23DF-4A01-9D49-4C0071D78594}.Release|Any CPU.ActiveCfg = Release|Any CPU
		{7F0549B7-23DF-4A01-9D49-4C0071D78594}.Release|Any CPU.Build.0 = Release|Any CPU
	EndGlobalSection
EndGlobal
